{
    "version": 3,
    "terraform_version": "0.10.7",
    "serial": 3,
    "lineage": "0f21b742-5ffa-40e9-a3ae-87dfd20cbd2e",
    "modules": [
        {
            "path": [
                "root"
            ],
            "outputs": {
                "database_subnets": {
                    "sensitive": false,
                    "type": "list",
                    "value": [
                        "subnet-7a7fb411"
                    ]
                },
                "default_network_acl_id": {
                    "sensitive": false,
                    "type": "string",
                    "value": "acl-92877cf9"
                },
                "default_security_group_id": {
                    "sensitive": false,
                    "type": "string",
                    "value": "sg-95825fff"
                },
                "elasticache_subnet_group": {
                    "sensitive": false,
                    "type": "string",
                    "value": "nextcloud-vpc-dev"
                },
                "elasticache_subnets": {
                    "sensitive": false,
                    "type": "list",
                    "value": [
                        "subnet-d978b3b2"
                    ]
                },
                "igw_id": {
                    "sensitive": false,
                    "type": "string",
                    "value": "igw-c7934caf"
                },
                "nat_ids": {
                    "sensitive": false,
                    "type": "list",
                    "value": [
                        "eipalloc-1389e23d"
                    ]
                },
                "nat_public_ips": {
                    "sensitive": false,
                    "type": "list",
                    "value": [
                        "18.194.197.201"
                    ]
                },
                "natgw_ids": {
                    "sensitive": false,
                    "type": "list",
                    "value": [
                        "nat-07ad242d01759051b"
                    ]
                },
                "private_route_table_ids": {
                    "sensitive": false,
                    "type": "list",
                    "value": [
                        "rtb-ff25f294"
                    ]
                },
                "private_subnets": {
                    "sensitive": false,
                    "type": "list",
                    "value": [
                        "subnet-657eb50e"
                    ]
                },
                "public_route_table_ids": {
                    "sensitive": false,
                    "type": "list",
                    "value": [
                        "rtb-9d25f2f6"
                    ]
                },
                "public_subnets": {
                    "sensitive": false,
                    "type": "list",
                    "value": [
                        "subnet-107eb57b"
                    ]
                },
                "vpc_cidr_block": {
                    "sensitive": false,
                    "type": "string",
                    "value": "10.0.0.0/16"
                },
                "vpc_id": {
                    "sensitive": false,
                    "type": "string",
                    "value": "vpc-6b434403"
                }
            },
            "resources": {},
            "depends_on": []
        },
        {
            "path": [
                "root",
                "vpc"
            ],
            "outputs": {
                "database_subnets": {
                    "sensitive": false,
                    "type": "list",
                    "value": [
                        "subnet-7a7fb411"
                    ]
                },
                "default_network_acl_id": {
                    "sensitive": false,
                    "type": "string",
                    "value": "acl-92877cf9"
                },
                "default_security_group_id": {
                    "sensitive": false,
                    "type": "string",
                    "value": "sg-95825fff"
                },
                "elasticache_subnet_group": {
                    "sensitive": false,
                    "type": "string",
                    "value": "nextcloud-vpc-dev"
                },
                "elasticache_subnets": {
                    "sensitive": false,
                    "type": "list",
                    "value": [
                        "subnet-d978b3b2"
                    ]
                },
                "igw_id": {
                    "sensitive": false,
                    "type": "string",
                    "value": "igw-c7934caf"
                },
                "nat_ids": {
                    "sensitive": false,
                    "type": "list",
                    "value": [
                        "eipalloc-1389e23d"
                    ]
                },
                "nat_public_ips": {
                    "sensitive": false,
                    "type": "list",
                    "value": [
                        "18.194.197.201"
                    ]
                },
                "natgw_ids": {
                    "sensitive": false,
                    "type": "list",
                    "value": [
                        "nat-07ad242d01759051b"
                    ]
                },
                "private_route_table_ids": {
                    "sensitive": false,
                    "type": "list",
                    "value": [
                        "rtb-ff25f294"
                    ]
                },
                "private_subnets": {
                    "sensitive": false,
                    "type": "list",
                    "value": [
                        "subnet-657eb50e"
                    ]
                },
                "public_route_table_ids": {
                    "sensitive": false,
                    "type": "list",
                    "value": [
                        "rtb-9d25f2f6"
                    ]
                },
                "public_subnets": {
                    "sensitive": false,
                    "type": "list",
                    "value": [
                        "subnet-107eb57b"
                    ]
                },
                "vpc_cidr_block": {
                    "sensitive": false,
                    "type": "string",
                    "value": "10.0.0.0/16"
                },
                "vpc_id": {
                    "sensitive": false,
                    "type": "string",
                    "value": "vpc-6b434403"
                }
            },
            "resources": {
                "aws_eip.nat": {
                    "type": "aws_eip",
                    "depends_on": [],
                    "primary": {
                        "id": "eipalloc-1389e23d",
                        "attributes": {
                            "association_id": "eipassoc-c8d99fe6",
                            "domain": "vpc",
                            "id": "eipalloc-1389e23d",
                            "instance": "",
                            "network_interface": "eni-fc82a8ae",
                            "private_ip": "10.0.11.251",
                            "public_ip": "18.194.197.201",
                            "vpc": "true"
                        },
                        "meta": {},
                        "tainted": false
                    },
                    "deposed": [],
                    "provider": ""
                },
                "aws_elasticache_subnet_group.elasticache": {
                    "type": "aws_elasticache_subnet_group",
                    "depends_on": [
                        "aws_subnet.elasticache.*"
                    ],
                    "primary": {
                        "id": "nextcloud-vpc-dev",
                        "attributes": {
                            "description": "ElastiCache subnet group for nextcloud-vpc-dev",
                            "id": "nextcloud-vpc-dev",
                            "name": "nextcloud-vpc-dev",
                            "subnet_ids.#": "1",
                            "subnet_ids.1694986755": "subnet-d978b3b2"
                        },
                        "meta": {},
                        "tainted": false
                    },
                    "deposed": [],
                    "provider": ""
                },
                "aws_internet_gateway.this": {
                    "type": "aws_internet_gateway",
                    "depends_on": [
                        "aws_vpc.this"
                    ],
                    "primary": {
                        "id": "igw-c7934caf",
                        "attributes": {
                            "id": "igw-c7934caf",
                            "tags.%": "1",
                            "tags.Name": "nextcloud-vpc-dev",
                            "vpc_id": "vpc-6b434403"
                        },
                        "meta": {},
                        "tainted": false
                    },
                    "deposed": [],
                    "provider": ""
                },
                "aws_nat_gateway.this": {
                    "type": "aws_nat_gateway",
                    "depends_on": [
                        "aws_eip.nat.*",
                        "aws_internet_gateway.this",
                        "aws_subnet.public.*"
                    ],
                    "primary": {
                        "id": "nat-07ad242d01759051b",
                        "attributes": {
                            "allocation_id": "eipalloc-1389e23d",
                            "id": "nat-07ad242d01759051b",
                            "network_interface_id": "eni-fc82a8ae",
                            "private_ip": "10.0.11.251",
                            "public_ip": "18.194.197.201",
                            "subnet_id": "subnet-107eb57b",
                            "tags.%": "0"
                        },
                        "meta": {},
                        "tainted": false
                    },
                    "deposed": [],
                    "provider": ""
                },
                "aws_route.private_nat_gateway": {
                    "type": "aws_route",
                    "depends_on": [
                        "aws_nat_gateway.this.*",
                        "aws_route_table.private.*"
                    ],
                    "primary": {
                        "id": "r-rtb-ff25f2941080289494",
                        "attributes": {
                            "destination_cidr_block": "0.0.0.0/0",
                            "destination_prefix_list_id": "",
                            "egress_only_gateway_id": "",
                            "gateway_id": "",
                            "id": "r-rtb-ff25f2941080289494",
                            "instance_id": "",
                            "instance_owner_id": "",
                            "nat_gateway_id": "nat-07ad242d01759051b",
                            "network_interface_id": "",
                            "origin": "CreateRoute",
                            "route_table_id": "rtb-ff25f294",
                            "state": "active",
                            "vpc_peering_connection_id": ""
                        },
                        "meta": {},
                        "tainted": false
                    },
                    "deposed": [],
                    "provider": ""
                },
                "aws_route.public_internet_gateway": {
                    "type": "aws_route",
                    "depends_on": [
                        "aws_internet_gateway.this",
                        "aws_route_table.public"
                    ],
                    "primary": {
                        "id": "r-rtb-9d25f2f61080289494",
                        "attributes": {
                            "destination_cidr_block": "0.0.0.0/0",
                            "destination_prefix_list_id": "",
                            "egress_only_gateway_id": "",
                            "gateway_id": "igw-c7934caf",
                            "id": "r-rtb-9d25f2f61080289494",
                            "instance_id": "",
                            "instance_owner_id": "",
                            "nat_gateway_id": "",
                            "network_interface_id": "",
                            "origin": "CreateRoute",
                            "route_table_id": "rtb-9d25f2f6",
                            "state": "active",
                            "vpc_peering_connection_id": ""
                        },
                        "meta": {},
                        "tainted": false
                    },
                    "deposed": [],
                    "provider": ""
                },
                "aws_route_table.private": {
                    "type": "aws_route_table",
                    "depends_on": [
                        "aws_vpc.this"
                    ],
                    "primary": {
                        "id": "rtb-ff25f294",
                        "attributes": {
                            "id": "rtb-ff25f294",
                            "propagating_vgws.#": "0",
                            "route.#": "1",
                            "route.906657708.cidr_block": "0.0.0.0/0",
                            "route.906657708.egress_only_gateway_id": "",
                            "route.906657708.gateway_id": "",
                            "route.906657708.instance_id": "",
                            "route.906657708.ipv6_cidr_block": "",
                            "route.906657708.nat_gateway_id": "nat-07ad242d01759051b",
                            "route.906657708.network_interface_id": "",
                            "route.906657708.vpc_peering_connection_id": "",
                            "tags.%": "1",
                            "tags.Name": "nextcloud-vpc-dev-private-eu-central-1a",
                            "vpc_id": "vpc-6b434403"
                        },
                        "meta": {},
                        "tainted": false
                    },
                    "deposed": [],
                    "provider": ""
                },
                "aws_route_table.public": {
                    "type": "aws_route_table",
                    "depends_on": [
                        "aws_vpc.this"
                    ],
                    "primary": {
                        "id": "rtb-9d25f2f6",
                        "attributes": {
                            "id": "rtb-9d25f2f6",
                            "propagating_vgws.#": "0",
                            "route.#": "1",
                            "route.3632136734.cidr_block": "0.0.0.0/0",
                            "route.3632136734.egress_only_gateway_id": "",
                            "route.3632136734.gateway_id": "igw-c7934caf",
                            "route.3632136734.instance_id": "",
                            "route.3632136734.ipv6_cidr_block": "",
                            "route.3632136734.nat_gateway_id": "",
                            "route.3632136734.network_interface_id": "",
                            "route.3632136734.vpc_peering_connection_id": "",
                            "tags.%": "1",
                            "tags.Name": "nextcloud-vpc-dev-public",
                            "vpc_id": "vpc-6b434403"
                        },
                        "meta": {},
                        "tainted": false
                    },
                    "deposed": [],
                    "provider": ""
                },
                "aws_route_table_association.database": {
                    "type": "aws_route_table_association",
                    "depends_on": [
                        "aws_route_table.private.*",
                        "aws_subnet.database.*"
                    ],
                    "primary": {
                        "id": "rtbassoc-035b6368",
                        "attributes": {
                            "id": "rtbassoc-035b6368",
                            "route_table_id": "rtb-ff25f294",
                            "subnet_id": "subnet-7a7fb411"
                        },
                        "meta": {},
                        "tainted": false
                    },
                    "deposed": [],
                    "provider": ""
                },
                "aws_route_table_association.elasticache": {
                    "type": "aws_route_table_association",
                    "depends_on": [
                        "aws_route_table.private.*",
                        "aws_subnet.elasticache.*"
                    ],
                    "primary": {
                        "id": "rtbassoc-415d652a",
                        "attributes": {
                            "id": "rtbassoc-415d652a",
                            "route_table_id": "rtb-ff25f294",
                            "subnet_id": "subnet-d978b3b2"
                        },
                        "meta": {},
                        "tainted": false
                    },
                    "deposed": [],
                    "provider": ""
                },
                "aws_route_table_association.private": {
                    "type": "aws_route_table_association",
                    "depends_on": [
                        "aws_route_table.private.*",
                        "aws_subnet.private.*"
                    ],
                    "primary": {
                        "id": "rtbassoc-bd5b63d6",
                        "attributes": {
                            "id": "rtbassoc-bd5b63d6",
                            "route_table_id": "rtb-ff25f294",
                            "subnet_id": "subnet-657eb50e"
                        },
                        "meta": {},
                        "tainted": false
                    },
                    "deposed": [],
                    "provider": ""
                },
                "aws_route_table_association.public": {
                    "type": "aws_route_table_association",
                    "depends_on": [
                        "aws_route_table.public",
                        "aws_subnet.public.*"
                    ],
                    "primary": {
                        "id": "rtbassoc-bc5c64d7",
                        "attributes": {
                            "id": "rtbassoc-bc5c64d7",
                            "route_table_id": "rtb-9d25f2f6",
                            "subnet_id": "subnet-107eb57b"
                        },
                        "meta": {},
                        "tainted": false
                    },
                    "deposed": [],
                    "provider": ""
                },
                "aws_subnet.database": {
                    "type": "aws_subnet",
                    "depends_on": [
                        "aws_vpc.this"
                    ],
                    "primary": {
                        "id": "subnet-7a7fb411",
                        "attributes": {
                            "assign_ipv6_address_on_creation": "false",
                            "availability_zone": "eu-central-1a",
                            "cidr_block": "10.0.21.0/24",
                            "id": "subnet-7a7fb411",
                            "map_public_ip_on_launch": "false",
                            "tags.%": "1",
                            "tags.Name": "nextcloud-vpc-dev-db-eu-central-1a",
                            "vpc_id": "vpc-6b434403"
                        },
                        "meta": {
                            "schema_version": "1"
                        },
                        "tainted": false
                    },
                    "deposed": [],
                    "provider": ""
                },
                "aws_subnet.elasticache": {
                    "type": "aws_subnet",
                    "depends_on": [
                        "aws_vpc.this"
                    ],
                    "primary": {
                        "id": "subnet-d978b3b2",
                        "attributes": {
                            "assign_ipv6_address_on_creation": "false",
                            "availability_zone": "eu-central-1a",
                            "cidr_block": "10.0.31.0/24",
                            "id": "subnet-d978b3b2",
                            "map_public_ip_on_launch": "false",
                            "tags.%": "1",
                            "tags.Name": "nextcloud-vpc-dev-elasticache-eu-central-1a",
                            "vpc_id": "vpc-6b434403"
                        },
                        "meta": {
                            "schema_version": "1"
                        },
                        "tainted": false
                    },
                    "deposed": [],
                    "provider": ""
                },
                "aws_subnet.private": {
                    "type": "aws_subnet",
                    "depends_on": [
                        "aws_vpc.this"
                    ],
                    "primary": {
                        "id": "subnet-657eb50e",
                        "attributes": {
                            "assign_ipv6_address_on_creation": "false",
                            "availability_zone": "eu-central-1a",
                            "cidr_block": "10.0.1.0/24",
                            "id": "subnet-657eb50e",
                            "map_public_ip_on_launch": "false",
                            "tags.%": "1",
                            "tags.Name": "nextcloud-vpc-dev-private-eu-central-1a",
                            "vpc_id": "vpc-6b434403"
                        },
                        "meta": {
                            "schema_version": "1"
                        },
                        "tainted": false
                    },
                    "deposed": [],
                    "provider": ""
                },
                "aws_subnet.public": {
                    "type": "aws_subnet",
                    "depends_on": [
                        "aws_vpc.this"
                    ],
                    "primary": {
                        "id": "subnet-107eb57b",
                        "attributes": {
                            "assign_ipv6_address_on_creation": "false",
                            "availability_zone": "eu-central-1a",
                            "cidr_block": "10.0.11.0/24",
                            "id": "subnet-107eb57b",
                            "map_public_ip_on_launch": "true",
                            "tags.%": "1",
                            "tags.Name": "nextcloud-vpc-dev-public-eu-central-1a",
                            "vpc_id": "vpc-6b434403"
                        },
                        "meta": {
                            "schema_version": "1"
                        },
                        "tainted": false
                    },
                    "deposed": [],
                    "provider": ""
                },
                "aws_vpc.this": {
                    "type": "aws_vpc",
                    "depends_on": [],
                    "primary": {
                        "id": "vpc-6b434403",
                        "attributes": {
                            "assign_generated_ipv6_cidr_block": "false",
                            "cidr_block": "10.0.0.0/16",
                            "default_network_acl_id": "acl-92877cf9",
                            "default_route_table_id": "rtb-3523f45e",
                            "default_security_group_id": "sg-95825fff",
                            "dhcp_options_id": "dopt-4e764427",
                            "enable_dns_hostnames": "false",
                            "enable_dns_support": "false",
                            "id": "vpc-6b434403",
                            "instance_tenancy": "default",
                            "main_route_table_id": "rtb-3523f45e",
                            "tags.%": "1",
                            "tags.Name": "nextcloud-vpc-dev"
                        },
                        "meta": {
                            "schema_version": "1"
                        },
                        "tainted": false
                    },
                    "deposed": [],
                    "provider": ""
                }
            },
            "depends_on": []
        }
    ]
}
