{
    "version": 3,
    "terraform_version": "0.10.7",
    "serial": 9,
    "lineage": "f7406e35-cc03-4ec4-a8cb-9f8e7bcbb6ba",
    "modules": [
        {
            "path": [
                "root"
            ],
            "outputs": {
                "subnet_name": {
                    "sensitive": false,
                    "type": "string",
                    "value": "subnet-3e1b1244"
                },
                "vpc_name": {
                    "sensitive": false,
                    "type": "string",
                    "value": "vpc-ab8481c3"
                }
            },
            "resources": {
                "aws_internet_gateway.default": {
                    "type": "aws_internet_gateway",
                    "depends_on": [
                        "aws_vpc.default"
                    ],
                    "primary": {
                        "id": "igw-c4825eac",
                        "attributes": {
                            "id": "igw-c4825eac",
                            "tags.%": "0",
                            "vpc_id": "vpc-ab8481c3"
                        },
                        "meta": {},
                        "tainted": false
                    },
                    "deposed": [],
                    "provider": ""
                },
                "aws_route.internet_access": {
                    "type": "aws_route",
                    "depends_on": [
                        "aws_internet_gateway.default",
                        "aws_vpc.default"
                    ],
                    "primary": {
                        "id": "r-rtb-9d8450f61080289494",
                        "attributes": {
                            "destination_cidr_block": "0.0.0.0/0",
                            "destination_prefix_list_id": "",
                            "egress_only_gateway_id": "",
                            "gateway_id": "igw-c4825eac",
                            "id": "r-rtb-9d8450f61080289494",
                            "instance_id": "",
                            "instance_owner_id": "",
                            "nat_gateway_id": "",
                            "network_interface_id": "",
                            "origin": "CreateRoute",
                            "route_table_id": "rtb-9d8450f6",
                            "state": "active",
                            "vpc_peering_connection_id": ""
                        },
                        "meta": {},
                        "tainted": false
                    },
                    "deposed": [],
                    "provider": ""
                },
                "aws_subnet.default": {
                    "type": "aws_subnet",
                    "depends_on": [
                        "aws_vpc.default"
                    ],
                    "primary": {
                        "id": "subnet-3e1b1244",
                        "attributes": {
                            "assign_ipv6_address_on_creation": "false",
                            "availability_zone": "eu-central-1b",
                            "cidr_block": "10.0.1.0/24",
                            "id": "subnet-3e1b1244",
                            "map_public_ip_on_launch": "true",
                            "tags.%": "0",
                            "vpc_id": "vpc-ab8481c3"
                        },
                        "meta": {
                            "schema_version": "1"
                        },
                        "tainted": false
                    },
                    "deposed": [],
                    "provider": ""
                },
                "aws_vpc.default": {
                    "type": "aws_vpc",
                    "depends_on": [],
                    "primary": {
                        "id": "vpc-ab8481c3",
                        "attributes": {
                            "assign_generated_ipv6_cidr_block": "false",
                            "cidr_block": "10.0.0.0/16",
                            "default_network_acl_id": "acl-b704fddc",
                            "default_route_table_id": "rtb-9d8450f6",
                            "default_security_group_id": "sg-c1ed3dab",
                            "dhcp_options_id": "dopt-4e764427",
                            "enable_dns_hostnames": "false",
                            "enable_dns_support": "true",
                            "id": "vpc-ab8481c3",
                            "instance_tenancy": "default",
                            "main_route_table_id": "rtb-9d8450f6",
                            "tags.%": "0"
                        },
                        "meta": {
                            "schema_version": "1"
                        },
                        "tainted": false
                    },
                    "deposed": [],
                    "provider": ""
                }
            },
            "depends_on": []
        }
    ]
}
