{
    "version": 3,
    "terraform_version": "0.10.7",
    "serial": 2,
    "lineage": "02b037bc-4c28-4d41-96ab-1b2494ab0a8a",
    "modules": [
        {
            "path": [
                "root"
            ],
            "outputs": {},
            "resources": {
                "aws_s3_bucket.nextcloud-aws-state": {
                    "type": "aws_s3_bucket",
                    "depends_on": [],
                    "primary": {
                        "id": "nextcloud-terraform-test",
                        "attributes": {
                            "acceleration_status": "",
                            "acl": "private",
                            "arn": "arn:aws:s3:::nextcloud-terraform-test",
                            "bucket": "nextcloud-terraform-test",
                            "bucket_domain_name": "nextcloud-terraform-test.s3.amazonaws.com",
                            "force_destroy": "false",
                            "hosted_zone_id": "Z21DNDUVLTQW6Q",
                            "id": "nextcloud-terraform-test",
                            "logging.#": "0",
                            "region": "eu-central-1",
                            "request_payer": "BucketOwner",
                            "tags.%": "0",
                            "versioning.#": "1",
                            "versioning.0.enabled": "false",
                            "versioning.0.mfa_delete": "false",
                            "website.#": "0"
                        },
                        "meta": {},
                        "tainted": false
                    },
                    "deposed": [],
                    "provider": ""
                }
            },
            "depends_on": []
        }
    ]
}
