{
    "version": 3,
    "terraform_version": "0.10.7",
    "serial": 6,
    "lineage": "0cdf1e5d-9d1a-4af1-be77-71b01070e613",
    "modules": [
        {
            "path": [
                "root"
            ],
            "outputs": {
                "redis_address": {
                    "sensitive": false,
                    "type": "list",
                    "value": [
                        {
                            "address": "nextcloud-caching.vlix19.0001.euc1.cache.amazonaws.com",
                            "availability_zone": "eu-central-1a",
                            "id": "0001",
                            "port": "6379"
                        }
                    ]
                }
            },
            "resources": {
                "aws_elasticache_cluster.cache": {
                    "type": "aws_elasticache_cluster",
                    "depends_on": [
                        "data.terraform_remote_state.vpc"
                    ],
                    "primary": {
                        "id": "nextcloud-caching",
                        "attributes": {
                            "apply_immediately": "true",
                            "availability_zone": "eu-central-1a",
                            "az_mode": "single-az",
                            "cache_nodes.#": "1",
                            "cache_nodes.0.address": "nextcloud-caching.vlix19.0001.euc1.cache.amazonaws.com",
                            "cache_nodes.0.availability_zone": "eu-central-1a",
                            "cache_nodes.0.id": "0001",
                            "cache_nodes.0.port": "6379",
                            "cluster_id": "nextcloud-caching",
                            "engine": "redis",
                            "engine_version": "3.2.4",
                            "id": "nextcloud-caching",
                            "maintenance_window": "tue:23:30-wed:00:30",
                            "node_type": "cache.t2.small",
                            "num_cache_nodes": "1",
                            "parameter_group_name": "default.redis3.2",
                            "port": "6379",
                            "security_group_ids.#": "0",
                            "security_group_names.#": "0",
                            "snapshot_retention_limit": "0",
                            "snapshot_window": "",
                            "subnet_group_name": "nextcloud-vpc-dev",
                            "tags.%": "0"
                        },
                        "meta": {},
                        "tainted": false
                    },
                    "deposed": [],
                    "provider": ""
                },
                "data.terraform_remote_state.vpc": {
                    "type": "terraform_remote_state",
                    "depends_on": [],
                    "primary": {
                        "id": "2017-10-17 14:58:25.597629545 +0000 UTC",
                        "attributes": {
                            "backend": "s3",
                            "config.%": "3",
                            "config.bucket": "nextcloud-terraform-test",
                            "config.key": "dev/network_state.tfstate",
                            "config.region": "eu-central-1",
                            "database_subnets.#": "1",
                            "database_subnets.0": "subnet-7a7fb411",
                            "default_network_acl_id": "acl-92877cf9",
                            "default_security_group_id": "sg-95825fff",
                            "elasticache_subnet_group": "nextcloud-vpc-dev",
                            "elasticache_subnets.#": "1",
                            "elasticache_subnets.0": "subnet-d978b3b2",
                            "environment": "default",
                            "id": "2017-10-17 14:58:25.597629545 +0000 UTC",
                            "igw_id": "igw-c7934caf",
                            "nat_ids.#": "1",
                            "nat_ids.0": "eipalloc-1389e23d",
                            "nat_public_ips.#": "1",
                            "nat_public_ips.0": "18.194.197.201",
                            "natgw_ids.#": "1",
                            "natgw_ids.0": "nat-07ad242d01759051b",
                            "private_route_table_ids.#": "1",
                            "private_route_table_ids.0": "rtb-ff25f294",
                            "private_subnets.#": "1",
                            "private_subnets.0": "subnet-657eb50e",
                            "public_route_table_ids.#": "1",
                            "public_route_table_ids.0": "rtb-9d25f2f6",
                            "public_subnets.#": "1",
                            "public_subnets.0": "subnet-107eb57b",
                            "vpc_cidr_block": "10.0.0.0/16",
                            "vpc_id": "vpc-6b434403"
                        },
                        "meta": {},
                        "tainted": false
                    },
                    "deposed": [],
                    "provider": ""
                }
            },
            "depends_on": []
        }
    ]
}
